{
  "lockfile_version": "1",
  "packages": {
    "icdiff@latest": {
      "last_modified": "2024-06-12T20:55:33Z",
      "resolved": "github:NixOS/nixpkgs/a9858885e197f984d92d7fe64e9fff6b2e488d40#icdiff",
      "source": "devbox-search",
      "version": "1.9.5",
      "systems": {
        "aarch64-darwin": {
          "outputs": [
            {
              "name": "out",
              "path": "/nix/store/g2msfljv7s3w735vkh2xp2gk3nqhml90-icdiff-1.9.5",
              "default": true
            },
            {
              "name": "dist",
              "path": "/nix/store/gz0ais4pkc3n1d7s6db1di57jvm3ckb9-icdiff-1.9.5-dist"
            }
          ],
          "store_path": "/nix/store/g2msfljv7s3w735vkh2xp2gk3nqhml90-icdiff-1.9.5"
        },
        "aarch64-linux": {
          "outputs": [
            {
              "name": "out",
              "path": "/nix/store/sddzz1fkgn6lp742387q3v5x8kcad6m0-icdiff-1.9.5",
              "default": true
            },
            {
              "name": "dist",
              "path": "/nix/store/aynmrvyf6baa6l8c648yhgn3fgw5hs9v-icdiff-1.9.5-dist"
            }
          ],
          "store_path": "/nix/store/sddzz1fkgn6lp742387q3v5x8kcad6m0-icdiff-1.9.5"
        },
        "x86_64-darwin": {
          "outputs": [
            {
              "name": "out",
              "path": "/nix/store/yz1x9spilnflwmx1libr9lrlkfsn3ial-icdiff-1.9.5",
              "default": true
            },
            {
              "name": "dist",
              "path": "/nix/store/glld19zvninj4xbv28ynklkc825zl94i-icdiff-1.9.5-dist"
            }
          ],
          "store_path": "/nix/store/yz1x9spilnflwmx1libr9lrlkfsn3ial-icdiff-1.9.5"
        },
        "x86_64-linux": {
          "outputs": [
            {
              "name": "out",
              "path": "/nix/store/rqbv1y7ddrrj6h05ifkrs77b5wpzj86w-icdiff-1.9.5",
              "default": true
            },
            {
              "name": "dist",
              "path": "/nix/store/2q4j8kj1acckp27dna168az9bnlmmmqh-icdiff-1.9.5-dist"
            }
          ],
          "store_path": "/nix/store/rqbv1y7ddrrj6h05ifkrs77b5wpzj86w-icdiff-1.9.5"
        }
      }
    },
    "pipenv": {
      "resolved": "github:NixOS/nixpkgs/75a52265bda7fd25e06e3a67dee3f0354e73243c#pipenv",
      "source": "nixpkg",
      "systems": {
        "aarch64-darwin": {
          "outputs": [
            {
              "path": "/nix/store/dr5k6zqwf5nwjjbpqxckxlx0z9dlkh1p-pipenv-2023.2.4",
              "default": true
            }
          ]
        }
      }
    },
    "pre-commit@latest": {
      "last_modified": "2024-06-21T06:40:32Z",
      "resolved": "github:NixOS/nixpkgs/ed0af8c19f55bede71dc9c2002185cf228339901#pre-commit",
      "source": "devbox-search",
      "version": "3.7.1",
      "systems": {
        "aarch64-darwin": {
          "outputs": [
            {
              "name": "out",
              "path": "/nix/store/g2nlpb78dsxkxa0gkgcfnplcgwg9mavg-pre-commit-3.7.1",
              "default": true
            },
            {
              "name": "dist",
              "path": "/nix/store/rsp52ikbxv52l6hf2iygx2j1aff7rlda-pre-commit-3.7.1-dist"
            }
          ],
          "store_path": "/nix/store/g2nlpb78dsxkxa0gkgcfnplcgwg9mavg-pre-commit-3.7.1"
        },
        "aarch64-linux": {
          "outputs": [
            {
              "name": "out",
              "path": "/nix/store/fn6chw87c2zspj1gpif1k9p8w2s1vvy7-pre-commit-3.7.1",
              "default": true
            },
            {
              "name": "dist",
              "path": "/nix/store/a8pcxqm2inc5i2gjl31b1v51ln3dckq8-pre-commit-3.7.1-dist"
            }
          ],
          "store_path": "/nix/store/fn6chw87c2zspj1gpif1k9p8w2s1vvy7-pre-commit-3.7.1"
        },
        "x86_64-darwin": {
          "outputs": [
            {
              "name": "out",
              "path": "/nix/store/s9szv413173bj0ah2fwks62dvi513508-pre-commit-3.7.1",
              "default": true
            },
            {
              "name": "dist",
              "path": "/nix/store/k4wnivgzmwv8czjcm8ljr43691wqp96b-pre-commit-3.7.1-dist"
            }
          ],
          "store_path": "/nix/store/s9szv413173bj0ah2fwks62dvi513508-pre-commit-3.7.1"
        },
        "x86_64-linux": {
          "outputs": [
            {
              "name": "out",
              "path": "/nix/store/y58lifz4d8dxglcwsggff6bcysskil8s-pre-commit-3.7.1",
              "default": true
            },
            {
              "name": "dist",
              "path": "/nix/store/13spn5s76ph6brii57vmpndk0rjzq1z7-pre-commit-3.7.1-dist"
            }
          ],
          "store_path": "/nix/store/y58lifz4d8dxglcwsggff6bcysskil8s-pre-commit-3.7.1"
        }
      }
    },
    "python@3.11": {
      "last_modified": "2024-06-12T20:55:33Z",
      "plugin_version": "0.0.3",
      "resolved": "github:NixOS/nixpkgs/a9858885e197f984d92d7fe64e9fff6b2e488d40#python3",
      "source": "devbox-search",
      "version": "3.11.9",
      "systems": {
        "aarch64-darwin": {
          "outputs": [
            {
              "name": "out",
              "path": "/nix/store/327bf08j5b7l9cnzink3g4vp32y5352j-python3-3.11.9",
              "default": true
            }
          ],
          "store_path": "/nix/store/327bf08j5b7l9cnzink3g4vp32y5352j-python3-3.11.9"
        },
        "aarch64-linux": {
          "outputs": [
            {
              "name": "out",
              "path": "/nix/store/q3x28mimkawkdjlvd78jxv3s0fk25vz8-python3-3.11.9",
              "default": true
            },
            {
              "name": "debug",
              "path": "/nix/store/kl8hjhf6x7dz7brs1ylkxy26qb8argaq-python3-3.11.9-debug"
            }
          ],
          "store_path": "/nix/store/q3x28mimkawkdjlvd78jxv3s0fk25vz8-python3-3.11.9"
        },
        "x86_64-darwin": {
          "outputs": [
            {
              "name": "out",
              "path": "/nix/store/9lcbaggnygcqpgzakib5lwisks8gnn5i-python3-3.11.9",
              "default": true
            }
          ],
          "store_path": "/nix/store/9lcbaggnygcqpgzakib5lwisks8gnn5i-python3-3.11.9"
        },
        "x86_64-linux": {
          "outputs": [
            {
              "name": "out",
              "path": "/nix/store/6b1fqdwb3g56j5pazv8zkx9qd0mv3wiz-python3-3.11.9",
              "default": true
            },
            {
              "name": "debug",
              "path": "/nix/store/61rzpp3v8dsf6h17h3jnnwlm5hwc2brr-python3-3.11.9-debug"
            }
          ],
          "store_path": "/nix/store/6b1fqdwb3g56j5pazv8zkx9qd0mv3wiz-python3-3.11.9"
        }
      }
    }
  }
}
